
Microsoft Visual Studio Solution File, Format Version 12.00
# Visual Studio Version 16
VisualStudioVersion = 16.0.30907.101
MinimumVisualStudioVersion = 10.0.40219.1
Project("{FAE04EC0-301F-11D3-BF4B-00C04F79EFBC}") = "EmbeddedSystem", "EmbeddedSystem\EmbeddedSystem.csproj", "{DEFC827F-761C-48A1-9530-6B2C1D48D471}"
EndProject
Project("{54435603-DBB4-11D2-8724-00A0C9A8B90C}") = "appdieukhien", "appdieukhien\appdieukhien.vdproj", "{3A6CEB9F-0066-4DCA-96AB-BC7B7979F979}"
EndProject
Global
	GlobalSection(SolutionConfigurationPlatforms) = preSolution
		Debug|Any CPU = Debug|Any CPU
		Release|Any CPU = Release|Any CPU
	EndGlobalSection
	GlobalSection(ProjectConfigurationPlatforms) = postSolution
		{DEFC827F-761C-48A1-9530-6B2C1D48D471}.Debug|Any CPU.ActiveCfg = Debug|Any CPU
		{DEFC827F-761C-48A1-9530-6B2C1D48D471}.Debug|Any CPU.Build.0 = Debug|Any CPU
		{DEFC827F-761C-48A1-9530-6B2C1D48D471}.Release|Any CPU.ActiveCfg = Release|Any CPU
		{DEFC827F-761C-48A1-9530-6B2C1D48D471}.Release|Any CPU.Build.0 = Release|Any CPU
		{3A6CEB9F-0066-4DCA-96AB-BC7B7979F979}.Debug|Any CPU.ActiveCfg = Debug
		{3A6CEB9F-0066-4DCA-96AB-BC7B7979F979}.Release|Any CPU.ActiveCfg = Release
	EndGlobalSection
	GlobalSection(SolutionProperties) = preSolution
		HideSolutionNode = FALSE
	EndGlobalSection
	GlobalSection(ExtensibilityGlobals) = postSolution
		SolutionGuid = {25157C15-C7FF-4B99-AE61-5E8772DD71F8}
	EndGlobalSection
EndGlobal
